{
    "name": "split-text-ts",
    "version": "1.0.0",
    "lockfileVersion": 3,
    "requires": true,
    "packages": {
        "": {
            "name": "split-text-ts",
            "version": "1.0.0",
            "license": "MIT",
            "dependencies": {
                "split-text-ts": "file:"
            }
        },
        "node_modules/split-text-ts": {
            "resolved": "",
            "link": true
        }
    }
}
